
Microsoft Visual Studio Solution File, Format Version 12.00
# Visual Studio Version 17
VisualStudioVersion = 17.11.35303.130
MinimumVisualStudioVersion = 10.0.40219.1
Project("{FAE04EC0-301F-11D3-BF4B-00C04F79EFBC}") = "Lab_7_2", "Lab_7_2.csproj", "{672E87C7-CF7B-4A26-ACBA-34B082103B03}"
EndProject
Global
	GlobalSection(SolutionConfigurationPlatforms) = preSolution
		Debug|Any CPU = Debug|Any CPU
		Release|Any CPU = Release|Any CPU
	EndGlobalSection
	GlobalSection(ProjectConfigurationPlatforms) = postSolution
		{672E87C7-CF7B-4A26-ACBA-34B082103B03}.Debug|Any CPU.ActiveCfg = Debug|Any CPU
		{672E87C7-CF7B-4A26-ACBA-34B082103B03}.Debug|Any CPU.Build.0 = Debug|Any CPU
		{672E87C7-CF7B-4A26-ACBA-34B082103B03}.Release|Any CPU.ActiveCfg = Release|Any CPU
		{672E87C7-CF7B-4A26-ACBA-34B082103B03}.Release|Any CPU.Build.0 = Release|Any CPU
	EndGlobalSection
	GlobalSection(SolutionProperties) = preSolution
		HideSolutionNode = FALSE
	EndGlobalSection
	GlobalSection(ExtensibilityGlobals) = postSolution
		SolutionGuid = {CBA395E7-B093-43DC-8C7B-ECC60FA12610}
	EndGlobalSection
EndGlobal
